
Microsoft Visual Studio Solution File, Format Version 12.00
Project("{FAE04EC0-301F-11D3-BF4B-00C04F79EFBC}") = "DesignPatternsSample", "DesignPatternsSample\DesignPatternsSample.csproj", "{9E63C2AF-DAAC-4D24-9F97-5C3569B83918}"
EndProject
Global
	GlobalSection(SolutionConfigurationPlatforms) = preSolution
		Debug|Any CPU = Debug|Any CPU
		Release|Any CPU = Release|Any CPU
	EndGlobalSection
	GlobalSection(ProjectConfigurationPlatforms) = postSolution
		{9E63C2AF-DAAC-4D24-9F97-5C3569B83918}.Debug|Any CPU.ActiveCfg = Debug|Any CPU
		{9E63C2AF-DAAC-4D24-9F97-5C3569B83918}.Debug|Any CPU.Build.0 = Debug|Any CPU
		{9E63C2AF-DAAC-4D24-9F97-5C3569B83918}.Release|Any CPU.ActiveCfg = Release|Any CPU
		{9E63C2AF-DAAC-4D24-9F97-5C3569B83918}.Release|Any CPU.Build.0 = Release|Any CPU
	EndGlobalSection
EndGlobal
